
Microsoft Visual Studio Solution File, Format Version 12.00
# Visual Studio Version 16
VisualStudioVersion = 16.0.31911.196
MinimumVisualStudioVersion = 10.0.40219.1
Project("{FAE04EC0-301F-11D3-BF4B-00C04F79EFBC}") = "Freya Binder", "Freya Binder\Freya Binder.csproj", "{958EFEE8-EF1F-4227-94F2-ED0F45BF873C}"
EndProject
Global
	GlobalSection(SolutionConfigurationPlatforms) = preSolution
		Debug|Any CPU = Debug|Any CPU
		Release|Any CPU = Release|Any CPU
	EndGlobalSection
	GlobalSection(ProjectConfigurationPlatforms) = postSolution
		{958EFEE8-EF1F-4227-94F2-ED0F45BF873C}.Debug|Any CPU.ActiveCfg = Debug|Any CPU
		{958EFEE8-EF1F-4227-94F2-ED0F45BF873C}.Debug|Any CPU.Build.0 = Debug|Any CPU
		{958EFEE8-EF1F-4227-94F2-ED0F45BF873C}.Release|Any CPU.ActiveCfg = Release|Any CPU
		{958EFEE8-EF1F-4227-94F2-ED0F45BF873C}.Release|Any CPU.Build.0 = Release|Any CPU
	EndGlobalSection
	GlobalSection(SolutionProperties) = preSolution
		HideSolutionNode = FALSE
	EndGlobalSection
	GlobalSection(ExtensibilityGlobals) = postSolution
		SolutionGuid = {3408B176-917C-4246-89AF-A1EA7E8CAE31}
	EndGlobalSection
EndGlobal
